
Microsoft Visual Studio Solution File, Format Version 12.00
# Visual Studio Version 17
VisualStudioVersion = 17.8.34330.188
MinimumVisualStudioVersion = 10.0.40219.1
Project("{FAE04EC0-301F-11D3-BF4B-00C04F79EFBC}") = "Ay Yıldız Pansiyon Ve Dinlenme Tesisleri", "Ay Yıldız Pansiyon Ve Dinlenme Tesisleri.csproj", "{23C87CA4-8A69-48C3-8BF9-04FFF0C4859C}"
EndProject
Global
	GlobalSection(SolutionConfigurationPlatforms) = preSolution
		Debug|Any CPU = Debug|Any CPU
		Release|Any CPU = Release|Any CPU
	EndGlobalSection
	GlobalSection(ProjectConfigurationPlatforms) = postSolution
		{23C87CA4-8A69-48C3-8BF9-04FFF0C4859C}.Debug|Any CPU.ActiveCfg = Debug|Any CPU
		{23C87CA4-8A69-48C3-8BF9-04FFF0C4859C}.Debug|Any CPU.Build.0 = Debug|Any CPU
		{23C87CA4-8A69-48C3-8BF9-04FFF0C4859C}.Release|Any CPU.ActiveCfg = Release|Any CPU
		{23C87CA4-8A69-48C3-8BF9-04FFF0C4859C}.Release|Any CPU.Build.0 = Release|Any CPU
	EndGlobalSection
	GlobalSection(SolutionProperties) = preSolution
		HideSolutionNode = FALSE
	EndGlobalSection
	GlobalSection(ExtensibilityGlobals) = postSolution
		SolutionGuid = {955D1238-5170-4EE2-AD48-F4F4072FF5AC}
	EndGlobalSection
EndGlobal
